
Microsoft Visual Studio Solution File, Format Version 12.00
# Visual Studio Version 16
VisualStudioVersion = 16.0.29613.14
MinimumVisualStudioVersion = 10.0.40219.1
Project("{9A19103F-16F7-4668-BE54-9A1E7A4F7556}") = "EmployeeManagementCoreApp", "EmployeeManagementCoreApp\EmployeeManagementCoreApp.csproj", "{A5C93F83-248B-4B88-911A-E01F29022595}"
EndProject
Project("{E53339B2-1760-4266-BCC7-CA923CBCF16C}") = "docker-compose", "docker-compose.dcproj", "{5E22910E-3FBB-450D-A412-1CA0676BF480}"
EndProject
Global
	GlobalSection(SolutionConfigurationPlatforms) = preSolution
		Debug|Any CPU = Debug|Any CPU
		Release|Any CPU = Release|Any CPU
	EndGlobalSection
	GlobalSection(ProjectConfigurationPlatforms) = postSolution
		{A5C93F83-248B-4B88-911A-E01F29022595}.Debug|Any CPU.ActiveCfg = Debug|Any CPU
		{A5C93F83-248B-4B88-911A-E01F29022595}.Debug|Any CPU.Build.0 = Debug|Any CPU
		{A5C93F83-248B-4B88-911A-E01F29022595}.Release|Any CPU.ActiveCfg = Release|Any CPU
		{A5C93F83-248B-4B88-911A-E01F29022595}.Release|Any CPU.Build.0 = Release|Any CPU
		{5E22910E-3FBB-450D-A412-1CA0676BF480}.Debug|Any CPU.ActiveCfg = Debug|Any CPU
		{5E22910E-3FBB-450D-A412-1CA0676BF480}.Debug|Any CPU.Build.0 = Debug|Any CPU
		{5E22910E-3FBB-450D-A412-1CA0676BF480}.Release|Any CPU.ActiveCfg = Release|Any CPU
		{5E22910E-3FBB-450D-A412-1CA0676BF480}.Release|Any CPU.Build.0 = Release|Any CPU
	EndGlobalSection
	GlobalSection(SolutionProperties) = preSolution
		HideSolutionNode = FALSE
	EndGlobalSection
	GlobalSection(ExtensibilityGlobals) = postSolution
		SolutionGuid = {D03D12DA-3735-40A5-8F31-8BD12A6342C2}
	EndGlobalSection
EndGlobal
